lockfileVersion: 5.4

specifiers:
  colorthief: ^2.3.2
  dayjs: ^1.11.6
  exif: ^0.6.0
  image-size: ^1.0.2
  images: 3.2.3

dependencies:
  colorthief: registry.npmmirror.com/colorthief/2.3.2
  dayjs: registry.npmmirror.com/dayjs/1.11.6
  exif: registry.npmmirror.com/exif/0.6.0
  image-size: registry.npmmirror.com/image-size/1.0.2
  images: registry.npmmirror.com/images/3.2.3

packages:

  github.com/lokesh/quantize/f572abd2646b5944852535c8a26fdb958a5d7c4b:
    resolution: {tarball: https://codeload.github.com/lokesh/quantize/tar.gz/f572abd2646b5944852535c8a26fdb958a5d7c4b}
    name: quantize
    version: 1.2.0
    dev: false

  registry.npmmirror.com/ajv/6.12.6:
    resolution: {integrity: sha512-j3fVLgvTo527anyYyJOGTYJbG+vnnQYvE0m5mmkc1TK+nxAppkCLMIL0aZ4dblVCNoGShhm+kzE4ZUykBoMg4g==, registry: https://registry.npm.taobao.org/, tarball: https://registry.npmmirror.com/ajv/-/ajv-6.12.6.tgz}
    name: ajv
    version: 6.12.6
    dependencies:
      fast-deep-equal: registry.npmmirror.com/fast-deep-equal/3.1.3
      fast-json-stable-stringify: registry.npmmirror.com/fast-json-stable-stringify/2.1.0
      json-schema-traverse: registry.npmmirror.com/json-schema-traverse/0.4.1
      uri-js: registry.npmmirror.com/uri-js/4.4.1
    dev: false

  registry.npmmirror.com/asn1/0.2.6:
    resolution: {integrity: sha512-ix/FxPn0MDjeyJ7i/yoHGFt/EX6LyNbxSEhPPXODPL+KB0VPk86UYfL0lMdy+KCnv+fmvIzySwaK5COwqVbWTQ==, registry: https://registry.npm.taobao.org/, tarball: https://registry.npmmirror.com/asn1/-/asn1-0.2.6.tgz}
    name: asn1
    version: 0.2.6
    dependencies:
      safer-buffer: registry.npmmirror.com/safer-buffer/2.1.2
    dev: false

  registry.npmmirror.com/assert-plus/1.0.0:
    resolution: {integrity: sha512-NfJ4UzBCcQGLDlQq7nHxH+tv3kyZ0hHQqF5BO6J7tNJeP5do1llPr8dZ8zHonfhAu0PHAdMkSo+8o0wxg9lZWw==, registry: https://registry.npm.taobao.org/, tarball: https://registry.npmmirror.com/assert-plus/-/assert-plus-1.0.0.tgz}
    name: assert-plus
    version: 1.0.0
    engines: {node: '>=0.8'}
    dev: false

  registry.npmmirror.com/asynckit/0.4.0:
    resolution: {integrity: sha512-Oei9OH4tRh0YqU3GxhX79dM/mwVgvbZJaSNaRk+bshkj0S5cfHcgYakreBjrHwatXKbz+IoIdYLxrKim2MjW0Q==, registry: https://registry.npm.taobao.org/, tarball: https://registry.npmmirror.com/asynckit/-/asynckit-0.4.0.tgz}
    name: asynckit
    version: 0.4.0
    dev: false

  registry.npmmirror.com/aws-sign2/0.7.0:
    resolution: {integrity: sha512-08kcGqnYf/YmjoRhfxyu+CLxBjUtHLXLXX/vUfx9l2LYzG3c1m61nrpyFUZI6zeS+Li/wWMMidD9KgrqtGq3mA==, registry: https://registry.npm.taobao.org/, tarball: https://registry.npmmirror.com/aws-sign2/-/aws-sign2-0.7.0.tgz}
    name: aws-sign2
    version: 0.7.0
    dev: false

  registry.npmmirror.com/aws4/1.11.0:
    resolution: {integrity: sha512-xh1Rl34h6Fi1DC2WWKfxUTVqRsNnr6LsKz2+hfwDxQJWmrx8+c7ylaqBMcHfl1U1r2dsifOvKX3LQuLNZ+XSvA==, registry: https://registry.npm.taobao.org/, tarball: https://registry.npmmirror.com/aws4/-/aws4-1.11.0.tgz}
    name: aws4
    version: 1.11.0
    dev: false

  registry.npmmirror.com/bcrypt-pbkdf/1.0.2:
    resolution: {integrity: sha512-qeFIXtP4MSoi6NLqO12WfqARWWuCKi2Rn/9hJLEmtB5yTNr9DqFWkJRCf2qShWzPeAMRnOgCrq0sg/KLv5ES9w==, registry: https://registry.npm.taobao.org/, tarball: https://registry.npmmirror.com/bcrypt-pbkdf/-/bcrypt-pbkdf-1.0.2.tgz}
    name: bcrypt-pbkdf
    version: 1.0.2
    dependencies:
      tweetnacl: registry.npmmirror.com/tweetnacl/0.14.5
    dev: false

  registry.npmmirror.com/caseless/0.12.0:
    resolution: {integrity: sha512-4tYFyifaFfGacoiObjJegolkwSU4xQNGbVgUiNYVUxbQ2x2lUsFvY4hVgVzGiIe6WLOPqycWXA40l+PWsxthUw==, registry: https://registry.npm.taobao.org/, tarball: https://registry.npmmirror.com/caseless/-/caseless-0.12.0.tgz}
    name: caseless
    version: 0.12.0
    dev: false

  registry.npmmirror.com/colorthief/2.3.2:
    resolution: {integrity: sha512-1r4nPW553JviRcFRvN3fS2V9nUSQGjRIws8UfEeFLIxk8j1tvtaX+AAYTkH3A4B5Muiys8SA1WJxf+00xVTXyg==, registry: https://registry.npm.taobao.org/, tarball: https://registry.npmmirror.com/colorthief/-/colorthief-2.3.2.tgz}
    name: colorthief
    version: 2.3.2
    dependencies:
      get-pixels: registry.npmmirror.com/get-pixels/3.3.3
      quantize: github.com/lokesh/quantize/f572abd2646b5944852535c8a26fdb958a5d7c4b
    dev: false

  registry.npmmirror.com/combined-stream/1.0.8:
    resolution: {integrity: sha512-FQN4MRfuJeHf7cBbBMJFXhKSDq+2kAArBlmRBvcvFE5BB1HZKXtSFASDhdlz9zOYwxh8lDdnvmMOe/+5cdoEdg==, registry: https://registry.npm.taobao.org/, tarball: https://registry.npmmirror.com/combined-stream/-/combined-stream-1.0.8.tgz}
    name: combined-stream
    version: 1.0.8
    engines: {node: '>= 0.8'}
    dependencies:
      delayed-stream: registry.npmmirror.com/delayed-stream/1.0.0
    dev: false

  registry.npmmirror.com/core-util-is/1.0.2:
    resolution: {integrity: sha512-3lqz5YjWTYnW6dlDa5TLaTCcShfar1e40rmcJVwCBJC6mWlFuj0eCHIElmG1g5kyuJ/GD+8Wn4FFCcz4gJPfaQ==, registry: https://registry.npm.taobao.org/, tarball: https://registry.npmmirror.com/core-util-is/-/core-util-is-1.0.2.tgz}
    name: core-util-is
    version: 1.0.2
    dev: false

  registry.npmmirror.com/cwise-compiler/1.1.3:
    resolution: {integrity: sha512-WXlK/m+Di8DMMcCjcWr4i+XzcQra9eCdXIJrgh4TUgh0pIS/yJduLxS9JgefsHJ/YVLdgPtXm9r62W92MvanEQ==, registry: https://registry.npm.taobao.org/, tarball: https://registry.npmmirror.com/cwise-compiler/-/cwise-compiler-1.1.3.tgz}
    name: cwise-compiler
    version: 1.1.3
    dependencies:
      uniq: registry.npmmirror.com/uniq/1.0.1
    dev: false

  registry.npmmirror.com/dashdash/1.14.1:
    resolution: {integrity: sha512-jRFi8UDGo6j+odZiEpjazZaWqEal3w/basFjQHQEwVtZJGDpxbH1MeYluwCS8Xq5wmLJooDlMgvVarmWfGM44g==, registry: https://registry.npm.taobao.org/, tarball: https://registry.npmmirror.com/dashdash/-/dashdash-1.14.1.tgz}
    name: dashdash
    version: 1.14.1
    engines: {node: '>=0.10'}
    dependencies:
      assert-plus: registry.npmmirror.com/assert-plus/1.0.0
    dev: false

  registry.npmmirror.com/data-uri-to-buffer/0.0.3:
    resolution: {integrity: sha512-Cp+jOa8QJef5nXS5hU7M1DWzXPEIoVR3kbV0dQuVGwROZg8bGf1DcCnkmajBTnvghTtSNMUdRrPjgaT6ZQucbw==, registry: https://registry.npm.taobao.org/, tarball: https://registry.npmmirror.com/data-uri-to-buffer/-/data-uri-to-buffer-0.0.3.tgz}
    name: data-uri-to-buffer
    version: 0.0.3
    dev: false

  registry.npmmirror.com/dayjs/1.11.6:
    resolution: {integrity: sha512-zZbY5giJAinCG+7AGaw0wIhNZ6J8AhWuSXKvuc1KAyMiRsvGQWqh4L+MomvhdAYjN+lqvVCMq1I41e3YHvXkyQ==, registry: https://registry.npm.taobao.org/, tarball: https://registry.npmmirror.com/dayjs/-/dayjs-1.11.6.tgz}
    name: dayjs
    version: 1.11.6
    dev: false

  registry.npmmirror.com/debug/2.6.9:
    resolution: {integrity: sha512-bC7ElrdJaJnPbAP+1EotYvqZsb3ecl5wi6Bfi6BJTUcNowp6cvspg0jXznRTKDjm/E7AdgFBVeAPVMNcKGsHMA==, registry: https://registry.npm.taobao.org/, tarball: https://registry.npmmirror.com/debug/-/debug-2.6.9.tgz}
    name: debug
    version: 2.6.9
    peerDependencies:
      supports-color: '*'
    peerDependenciesMeta:
      supports-color:
        optional: true
    dependencies:
      ms: registry.npmmirror.com/ms/2.0.0
    dev: false

  registry.npmmirror.com/delayed-stream/1.0.0:
    resolution: {integrity: sha512-ZySD7Nf91aLB0RxL4KGrKHBXl7Eds1DAmEdcoVawXnLD7SDhpNgtuII2aAkg7a7QS41jxPSZ17p4VdGnMHk3MQ==, registry: https://registry.npm.taobao.org/, tarball: https://registry.npmmirror.com/delayed-stream/-/delayed-stream-1.0.0.tgz}
    name: delayed-stream
    version: 1.0.0
    engines: {node: '>=0.4.0'}
    dev: false

  registry.npmmirror.com/ecc-jsbn/0.1.2:
    resolution: {integrity: sha512-eh9O+hwRHNbG4BLTjEl3nw044CkGm5X6LoaCf7LPp7UU8Qrt47JYNi6nPX8xjW97TKGKm1ouctg0QSpZe9qrnw==, registry: https://registry.npm.taobao.org/, tarball: https://registry.npmmirror.com/ecc-jsbn/-/ecc-jsbn-0.1.2.tgz}
    name: ecc-jsbn
    version: 0.1.2
    dependencies:
      jsbn: registry.npmmirror.com/jsbn/0.1.1
      safer-buffer: registry.npmmirror.com/safer-buffer/2.1.2
    dev: false

  registry.npmmirror.com/exif/0.6.0:
    resolution: {integrity: sha512-gEwM4uanNMfLnDNKclZ7jPEA99E3rpy4ntoS6QW8u6murZjl1o8qRaPdMoC46Syg3d9/QaET0bYKhWlTwJCPgg==, registry: https://registry.npm.taobao.org/, tarball: https://registry.npmmirror.com/exif/-/exif-0.6.0.tgz}
    name: exif
    version: 0.6.0
    dependencies:
      debug: registry.npmmirror.com/debug/2.6.9
    transitivePeerDependencies:
      - supports-color
    dev: false

  registry.npmmirror.com/extend/3.0.2:
    resolution: {integrity: sha512-fjquC59cD7CyW6urNXK0FBufkZcoiGG80wTuPujX590cB5Ttln20E2UB4S/WARVqhXffZl2LNgS+gQdPIIim/g==, registry: https://registry.npm.taobao.org/, tarball: https://registry.npmmirror.com/extend/-/extend-3.0.2.tgz}
    name: extend
    version: 3.0.2
    dev: false

  registry.npmmirror.com/extsprintf/1.3.0:
    resolution: {integrity: sha512-11Ndz7Nv+mvAC1j0ktTa7fAb0vLyGGX+rMHNBYQviQDGU0Hw7lhctJANqbPhu9nV9/izT/IntTgZ7Im/9LJs9g==, registry: https://registry.npm.taobao.org/, tarball: https://registry.npmmirror.com/extsprintf/-/extsprintf-1.3.0.tgz}
    name: extsprintf
    version: 1.3.0
    engines: {'0': node >=0.6.0}
    dev: false

  registry.npmmirror.com/fast-deep-equal/3.1.3:
    resolution: {integrity: sha512-f3qQ9oQy9j2AhBe/H9VC91wLmKBCCU/gDOnKNAYG5hswO7BLKj09Hc5HYNz9cGI++xlpDCIgDaitVs03ATR84Q==, registry: https://registry.npm.taobao.org/, tarball: https://registry.npmmirror.com/fast-deep-equal/-/fast-deep-equal-3.1.3.tgz}
    name: fast-deep-equal
    version: 3.1.3
    dev: false

  registry.npmmirror.com/fast-json-stable-stringify/2.1.0:
    resolution: {integrity: sha512-lhd/wF+Lk98HZoTCtlVraHtfh5XYijIjalXck7saUtuanSDyLMxnHhSXEDJqHxD7msR8D0uCmqlkwjCV8xvwHw==, registry: https://registry.npm.taobao.org/, tarball: https://registry.npmmirror.com/fast-json-stable-stringify/-/fast-json-stable-stringify-2.1.0.tgz}
    name: fast-json-stable-stringify
    version: 2.1.0
    dev: false

  registry.npmmirror.com/forever-agent/0.6.1:
    resolution: {integrity: sha512-j0KLYPhm6zeac4lz3oJ3o65qvgQCcPubiyotZrXqEaG4hNagNYO8qdlUrX5vwqv9ohqeT/Z3j6+yW067yWWdUw==, registry: https://registry.npm.taobao.org/, tarball: https://registry.npmmirror.com/forever-agent/-/forever-agent-0.6.1.tgz}
    name: forever-agent
    version: 0.6.1
    dev: false

  registry.npmmirror.com/form-data/2.3.3:
    resolution: {integrity: sha512-1lLKB2Mu3aGP1Q/2eCOx0fNbRMe7XdwktwOruhfqqd0rIJWwN4Dh+E3hrPSlDCXnSR7UtZ1N38rVXm+6+MEhJQ==, registry: https://registry.npm.taobao.org/, tarball: https://registry.npmmirror.com/form-data/-/form-data-2.3.3.tgz}
    name: form-data
    version: 2.3.3
    engines: {node: '>= 0.12'}
    dependencies:
      asynckit: registry.npmmirror.com/asynckit/0.4.0
      combined-stream: registry.npmmirror.com/combined-stream/1.0.8
      mime-types: registry.npmmirror.com/mime-types/2.1.35
    dev: false

  registry.npmmirror.com/get-pixels/3.3.3:
    resolution: {integrity: sha512-5kyGBn90i9tSMUVHTqkgCHsoWoR+/lGbl4yC83Gefyr0HLIhgSWEx/2F/3YgsZ7UpYNuM6pDhDK7zebrUJ5nXg==, registry: https://registry.npm.taobao.org/, tarball: https://registry.npmmirror.com/get-pixels/-/get-pixels-3.3.3.tgz}
    name: get-pixels
    version: 3.3.3
    dependencies:
      data-uri-to-buffer: registry.npmmirror.com/data-uri-to-buffer/0.0.3
      jpeg-js: registry.npmmirror.com/jpeg-js/0.4.4
      mime-types: registry.npmmirror.com/mime-types/2.1.35
      ndarray: registry.npmmirror.com/ndarray/1.0.19
      ndarray-pack: registry.npmmirror.com/ndarray-pack/1.2.1
      node-bitmap: registry.npmmirror.com/node-bitmap/0.0.1
      omggif: registry.npmmirror.com/omggif/1.0.10
      parse-data-uri: registry.npmmirror.com/parse-data-uri/0.2.0
      pngjs: registry.npmmirror.com/pngjs/3.4.0
      request: registry.npmmirror.com/request/2.88.2
      through: registry.npmmirror.com/through/2.3.8
    dev: false

  registry.npmmirror.com/getpass/0.1.7:
    resolution: {integrity: sha512-0fzj9JxOLfJ+XGLhR8ze3unN0KZCgZwiSSDz168VERjK8Wl8kVSdcu2kspd4s4wtAa1y/qrVRiAA0WclVsu0ng==, registry: https://registry.npm.taobao.org/, tarball: https://registry.npmmirror.com/getpass/-/getpass-0.1.7.tgz}
    name: getpass
    version: 0.1.7
    dependencies:
      assert-plus: registry.npmmirror.com/assert-plus/1.0.0
    dev: false

  registry.npmmirror.com/har-schema/2.0.0:
    resolution: {integrity: sha512-Oqluz6zhGX8cyRaTQlFMPw80bSJVG2x/cFb8ZPhUILGgHka9SsokCCOQgpveePerqidZOrT14ipqfJb7ILcW5Q==, registry: https://registry.npm.taobao.org/, tarball: https://registry.npmmirror.com/har-schema/-/har-schema-2.0.0.tgz}
    name: har-schema
    version: 2.0.0
    engines: {node: '>=4'}
    dev: false

  registry.npmmirror.com/har-validator/5.1.5:
    resolution: {integrity: sha512-nmT2T0lljbxdQZfspsno9hgrG3Uir6Ks5afism62poxqBM6sDnMEuPmzTq8XN0OEwqKLLdh1jQI3qyE66Nzb3w==, registry: https://registry.npm.taobao.org/, tarball: https://registry.npmmirror.com/har-validator/-/har-validator-5.1.5.tgz}
    name: har-validator
    version: 5.1.5
    engines: {node: '>=6'}
    deprecated: this library is no longer supported
    dependencies:
      ajv: registry.npmmirror.com/ajv/6.12.6
      har-schema: registry.npmmirror.com/har-schema/2.0.0
    dev: false

  registry.npmmirror.com/http-signature/1.2.0:
    resolution: {integrity: sha512-CAbnr6Rz4CYQkLYUtSNXxQPUH2gK8f3iWexVlsnMeD+GjlsQ0Xsy1cOX+mN3dtxYomRy21CiOzU8Uhw6OwncEQ==, registry: https://registry.npm.taobao.org/, tarball: https://registry.npmmirror.com/http-signature/-/http-signature-1.2.0.tgz}
    name: http-signature
    version: 1.2.0
    engines: {node: '>=0.8', npm: '>=1.3.7'}
    dependencies:
      assert-plus: registry.npmmirror.com/assert-plus/1.0.0
      jsprim: registry.npmmirror.com/jsprim/1.4.2
      sshpk: registry.npmmirror.com/sshpk/1.17.0
    dev: false

  registry.npmmirror.com/image-size/1.0.2:
    resolution: {integrity: sha512-xfOoWjceHntRb3qFCrh5ZFORYH8XCdYpASltMhZ/Q0KZiOwjdE/Yl2QCiWdwD+lygV5bMCvauzgu5PxBX/Yerg==, registry: https://registry.npm.taobao.org/, tarball: https://registry.npmmirror.com/image-size/-/image-size-1.0.2.tgz}
    name: image-size
    version: 1.0.2
    engines: {node: '>=14.0.0'}
    hasBin: true
    dependencies:
      queue: registry.npmmirror.com/queue/6.0.2
    dev: false

  registry.npmmirror.com/images/3.2.3:
    resolution: {integrity: sha512-Ga7WPuo1krAdgE+pH641Q2NeAetJsNoU4wjC9DKGpSptWJ/Ljle6m2oA0XdO2c5ujy1Ups8UoH28ejR74m/vqQ==, registry: https://registry.npm.taobao.org/, tarball: https://registry.npmmirror.com/images/-/images-3.2.3.tgz}
    name: images
    version: 3.2.3
    requiresBuild: true
    dev: false

  registry.npmmirror.com/inherits/2.0.4:
    resolution: {integrity: sha512-k/vGaX4/Yla3WzyMCvTQOXYeIHvqOKtnqBduzTHpzpQZzAskKMhZ2K+EnBiSM9zGSoIFeMpXKxa4dYeZIQqewQ==, registry: https://registry.npm.taobao.org/, tarball: https://registry.npmmirror.com/inherits/-/inherits-2.0.4.tgz}
    name: inherits
    version: 2.0.4
    dev: false

  registry.npmmirror.com/iota-array/1.0.0:
    resolution: {integrity: sha512-pZ2xT+LOHckCatGQ3DcG/a+QuEqvoxqkiL7tvE8nn3uuu+f6i1TtpB5/FtWFbxUuVr5PZCx8KskuGatbJDXOWA==, registry: https://registry.npm.taobao.org/, tarball: https://registry.npmmirror.com/iota-array/-/iota-array-1.0.0.tgz}
    name: iota-array
    version: 1.0.0
    dev: false

  registry.npmmirror.com/is-buffer/1.1.6:
    resolution: {integrity: sha512-NcdALwpXkTm5Zvvbk7owOUSvVvBKDgKP5/ewfXEznmQFfs4ZRmanOeKBTjRVjka3QFoN6XJ+9F3USqfHqTaU5w==, registry: https://registry.npm.taobao.org/, tarball: https://registry.npmmirror.com/is-buffer/-/is-buffer-1.1.6.tgz}
    name: is-buffer
    version: 1.1.6
    dev: false

  registry.npmmirror.com/is-typedarray/1.0.0:
    resolution: {integrity: sha512-cyA56iCMHAh5CdzjJIa4aohJyeO1YbwLi3Jc35MmRU6poroFjIGZzUzupGiRPOjgHg9TLu43xbpwXk523fMxKA==, registry: https://registry.npm.taobao.org/, tarball: https://registry.npmmirror.com/is-typedarray/-/is-typedarray-1.0.0.tgz}
    name: is-typedarray
    version: 1.0.0
    dev: false

  registry.npmmirror.com/isstream/0.1.2:
    resolution: {integrity: sha512-Yljz7ffyPbrLpLngrMtZ7NduUgVvi6wG9RJ9IUcyCd59YQ911PBJphODUcbOVbqYfxe1wuYf/LJ8PauMRwsM/g==, registry: https://registry.npm.taobao.org/, tarball: https://registry.npmmirror.com/isstream/-/isstream-0.1.2.tgz}
    name: isstream
    version: 0.1.2
    dev: false

  registry.npmmirror.com/jpeg-js/0.4.4:
    resolution: {integrity: sha512-WZzeDOEtTOBK4Mdsar0IqEU5sMr3vSV2RqkAIzUEV2BHnUfKGyswWFPFwK5EeDo93K3FohSHbLAjj0s1Wzd+dg==, registry: https://registry.npm.taobao.org/, tarball: https://registry.npmmirror.com/jpeg-js/-/jpeg-js-0.4.4.tgz}
    name: jpeg-js
    version: 0.4.4
    dev: false

  registry.npmmirror.com/jsbn/0.1.1:
    resolution: {integrity: sha512-UVU9dibq2JcFWxQPA6KCqj5O42VOmAY3zQUfEKxU0KpTGXwNoCjkX1e13eHNvw/xPynt6pU0rZ1htjWTNTSXsg==, registry: https://registry.npm.taobao.org/, tarball: https://registry.npmmirror.com/jsbn/-/jsbn-0.1.1.tgz}
    name: jsbn
    version: 0.1.1
    dev: false

  registry.npmmirror.com/json-schema-traverse/0.4.1:
    resolution: {integrity: sha512-xbbCH5dCYU5T8LcEhhuh7HJ88HXuW3qsI3Y0zOZFKfZEHcpWiHU/Jxzk629Brsab/mMiHQti9wMP+845RPe3Vg==, registry: https://registry.npm.taobao.org/, tarball: https://registry.npmmirror.com/json-schema-traverse/-/json-schema-traverse-0.4.1.tgz}
    name: json-schema-traverse
    version: 0.4.1
    dev: false

  registry.npmmirror.com/json-schema/0.4.0:
    resolution: {integrity: sha512-es94M3nTIfsEPisRafak+HDLfHXnKBhV3vU5eqPcS3flIWqcxJWgXHXiey3YrpaNsanY5ei1VoYEbOzijuq9BA==, registry: https://registry.npm.taobao.org/, tarball: https://registry.npmmirror.com/json-schema/-/json-schema-0.4.0.tgz}
    name: json-schema
    version: 0.4.0
    dev: false

  registry.npmmirror.com/json-stringify-safe/5.0.1:
    resolution: {integrity: sha512-ZClg6AaYvamvYEE82d3Iyd3vSSIjQ+odgjaTzRuO3s7toCdFKczob2i0zCh7JE8kWn17yvAWhUVxvqGwUalsRA==, registry: https://registry.npm.taobao.org/, tarball: https://registry.npmmirror.com/json-stringify-safe/-/json-stringify-safe-5.0.1.tgz}
    name: json-stringify-safe
    version: 5.0.1
    dev: false

  registry.npmmirror.com/jsprim/1.4.2:
    resolution: {integrity: sha512-P2bSOMAc/ciLz6DzgjVlGJP9+BrJWu5UDGK70C2iweC5QBIeFf0ZXRvGjEj2uYgrY2MkAAhsSWHDWlFtEroZWw==, registry: https://registry.npm.taobao.org/, tarball: https://registry.npmmirror.com/jsprim/-/jsprim-1.4.2.tgz}
    name: jsprim
    version: 1.4.2
    engines: {node: '>=0.6.0'}
    dependencies:
      assert-plus: registry.npmmirror.com/assert-plus/1.0.0
      extsprintf: registry.npmmirror.com/extsprintf/1.3.0
      json-schema: registry.npmmirror.com/json-schema/0.4.0
      verror: registry.npmmirror.com/verror/1.10.0
    dev: false

  registry.npmmirror.com/mime-db/1.52.0:
    resolution: {integrity: sha512-sPU4uV7dYlvtWJxwwxHD0PuihVNiE7TyAbQ5SWxDCB9mUYvOgroQOwYQQOKPJ8CIbE+1ETVlOoK1UC2nU3gYvg==, registry: https://registry.npm.taobao.org/, tarball: https://registry.npmmirror.com/mime-db/-/mime-db-1.52.0.tgz}
    name: mime-db
    version: 1.52.0
    engines: {node: '>= 0.6'}
    dev: false

  registry.npmmirror.com/mime-types/2.1.35:
    resolution: {integrity: sha512-ZDY+bPm5zTTF+YpCrAU9nK0UgICYPT0QtT1NZWFv4s++TNkcgVaT0g6+4R2uI4MjQjzysHB1zxuWL50hzaeXiw==, registry: https://registry.npm.taobao.org/, tarball: https://registry.npmmirror.com/mime-types/-/mime-types-2.1.35.tgz}
    name: mime-types
    version: 2.1.35
    engines: {node: '>= 0.6'}
    dependencies:
      mime-db: registry.npmmirror.com/mime-db/1.52.0
    dev: false

  registry.npmmirror.com/ms/2.0.0:
    resolution: {integrity: sha512-Tpp60P6IUJDTuOq/5Z8cdskzJujfwqfOTkrwIwj7IRISpnkJnT6SyJ4PCPnGMoFjC9ddhal5KVIYtAt97ix05A==, registry: https://registry.npm.taobao.org/, tarball: https://registry.npmmirror.com/ms/-/ms-2.0.0.tgz}
    name: ms
    version: 2.0.0
    dev: false

  registry.npmmirror.com/ndarray-pack/1.2.1:
    resolution: {integrity: sha512-51cECUJMT0rUZNQa09EoKsnFeDL4x2dHRT0VR5U2H5ZgEcm95ZDWcMA5JShroXjHOejmAD/fg8+H+OvUnVXz2g==, registry: https://registry.npm.taobao.org/, tarball: https://registry.npmmirror.com/ndarray-pack/-/ndarray-pack-1.2.1.tgz}
    name: ndarray-pack
    version: 1.2.1
    dependencies:
      cwise-compiler: registry.npmmirror.com/cwise-compiler/1.1.3
      ndarray: registry.npmmirror.com/ndarray/1.0.19
    dev: false

  registry.npmmirror.com/ndarray/1.0.19:
    resolution: {integrity: sha512-B4JHA4vdyZU30ELBw3g7/p9bZupyew5a7tX1Y/gGeF2hafrPaQZhgrGQfsvgfYbgdFZjYwuEcnaobeM/WMW+HQ==, registry: https://registry.npm.taobao.org/, tarball: https://registry.npmmirror.com/ndarray/-/ndarray-1.0.19.tgz}
    name: ndarray
    version: 1.0.19
    dependencies:
      iota-array: registry.npmmirror.com/iota-array/1.0.0
      is-buffer: registry.npmmirror.com/is-buffer/1.1.6
    dev: false

  registry.npmmirror.com/node-bitmap/0.0.1:
    resolution: {integrity: sha512-Jx5lPaaLdIaOsj2mVLWMWulXF6GQVdyLvNSxmiYCvZ8Ma2hfKX0POoR2kgKOqz+oFsRreq0yYZjQ2wjE9VNzCA==, registry: https://registry.npm.taobao.org/, tarball: https://registry.npmmirror.com/node-bitmap/-/node-bitmap-0.0.1.tgz}
    name: node-bitmap
    version: 0.0.1
    engines: {node: '>=v0.6.5'}
    dev: false

  registry.npmmirror.com/oauth-sign/0.9.0:
    resolution: {integrity: sha512-fexhUFFPTGV8ybAtSIGbV6gOkSv8UtRbDBnAyLQw4QPKkgNlsH2ByPGtMUqdWkos6YCRmAqViwgZrJc/mRDzZQ==, registry: https://registry.npm.taobao.org/, tarball: https://registry.npmmirror.com/oauth-sign/-/oauth-sign-0.9.0.tgz}
    name: oauth-sign
    version: 0.9.0
    dev: false

  registry.npmmirror.com/omggif/1.0.10:
    resolution: {integrity: sha512-LMJTtvgc/nugXj0Vcrrs68Mn2D1r0zf630VNtqtpI1FEO7e+O9FP4gqs9AcnBaSEeoHIPm28u6qgPR0oyEpGSw==, registry: https://registry.npm.taobao.org/, tarball: https://registry.npmmirror.com/omggif/-/omggif-1.0.10.tgz}
    name: omggif
    version: 1.0.10
    dev: false

  registry.npmmirror.com/parse-data-uri/0.2.0:
    resolution: {integrity: sha512-uOtts8NqDcaCt1rIsO3VFDRsAfgE4c6osG4d9z3l4dCBlxYFzni6Di/oNU270SDrjkfZuUvLZx1rxMyqh46Y9w==, registry: https://registry.npm.taobao.org/, tarball: https://registry.npmmirror.com/parse-data-uri/-/parse-data-uri-0.2.0.tgz}
    name: parse-data-uri
    version: 0.2.0
    dependencies:
      data-uri-to-buffer: registry.npmmirror.com/data-uri-to-buffer/0.0.3
    dev: false

  registry.npmmirror.com/performance-now/2.1.0:
    resolution: {integrity: sha512-7EAHlyLHI56VEIdK57uwHdHKIaAGbnXPiw0yWbarQZOKaKpvUIgW0jWRVLiatnM+XXlSwsanIBH/hzGMJulMow==, registry: https://registry.npm.taobao.org/, tarball: https://registry.npmmirror.com/performance-now/-/performance-now-2.1.0.tgz}
    name: performance-now
    version: 2.1.0
    dev: false

  registry.npmmirror.com/pngjs/3.4.0:
    resolution: {integrity: sha512-NCrCHhWmnQklfH4MtJMRjZ2a8c80qXeMlQMv2uVp9ISJMTt562SbGd6n2oq0PaPgKm7Z6pL9E2UlLIhC+SHL3w==, registry: https://registry.npm.taobao.org/, tarball: https://registry.npmmirror.com/pngjs/-/pngjs-3.4.0.tgz}
    name: pngjs
    version: 3.4.0
    engines: {node: '>=4.0.0'}
    dev: false

  registry.npmmirror.com/psl/1.9.0:
    resolution: {integrity: sha512-E/ZsdU4HLs/68gYzgGTkMicWTLPdAftJLfJFlLUAAKZGkStNU72sZjT66SnMDVOfOWY/YAoiD7Jxa9iHvngcag==, registry: https://registry.npm.taobao.org/, tarball: https://registry.npmmirror.com/psl/-/psl-1.9.0.tgz}
    name: psl
    version: 1.9.0
    dev: false

  registry.npmmirror.com/punycode/2.1.1:
    resolution: {integrity: sha512-XRsRjdf+j5ml+y/6GKHPZbrF/8p2Yga0JPtdqTIY2Xe5ohJPD9saDJJLPvp9+NSBprVvevdXZybnj2cv8OEd0A==, registry: https://registry.npm.taobao.org/, tarball: https://registry.npmmirror.com/punycode/-/punycode-2.1.1.tgz}
    name: punycode
    version: 2.1.1
    engines: {node: '>=6'}
    dev: false

  registry.npmmirror.com/qs/6.5.3:
    resolution: {integrity: sha512-qxXIEh4pCGfHICj1mAJQ2/2XVZkjCDTcEgfoSQxc/fYivUZxTkk7L3bDBJSoNrEzXI17oUO5Dp07ktqE5KzczA==, registry: https://registry.npm.taobao.org/, tarball: https://registry.npmmirror.com/qs/-/qs-6.5.3.tgz}
    name: qs
    version: 6.5.3
    engines: {node: '>=0.6'}
    dev: false

  registry.npmmirror.com/queue/6.0.2:
    resolution: {integrity: sha512-iHZWu+q3IdFZFX36ro/lKBkSvfkztY5Y7HMiPlOUjhupPcG2JMfst2KKEpu5XndviX/3UhFbRngUPNKtgvtZiA==, registry: https://registry.npm.taobao.org/, tarball: https://registry.npmmirror.com/queue/-/queue-6.0.2.tgz}
    name: queue
    version: 6.0.2
    dependencies:
      inherits: registry.npmmirror.com/inherits/2.0.4
    dev: false

  registry.npmmirror.com/request/2.88.2:
    resolution: {integrity: sha512-MsvtOrfG9ZcrOwAW+Qi+F6HbD0CWXEh9ou77uOb7FM2WPhwT7smM833PzanhJLsgXjN89Ir6V2PczXNnMpwKhw==, registry: https://registry.npm.taobao.org/, tarball: https://registry.npmmirror.com/request/-/request-2.88.2.tgz}
    name: request
    version: 2.88.2
    engines: {node: '>= 6'}
    deprecated: request has been deprecated, see https://github.com/request/request/issues/3142
    dependencies:
      aws-sign2: registry.npmmirror.com/aws-sign2/0.7.0
      aws4: registry.npmmirror.com/aws4/1.11.0
      caseless: registry.npmmirror.com/caseless/0.12.0
      combined-stream: registry.npmmirror.com/combined-stream/1.0.8
      extend: registry.npmmirror.com/extend/3.0.2
      forever-agent: registry.npmmirror.com/forever-agent/0.6.1
      form-data: registry.npmmirror.com/form-data/2.3.3
      har-validator: registry.npmmirror.com/har-validator/5.1.5
      http-signature: registry.npmmirror.com/http-signature/1.2.0
      is-typedarray: registry.npmmirror.com/is-typedarray/1.0.0
      isstream: registry.npmmirror.com/isstream/0.1.2
      json-stringify-safe: registry.npmmirror.com/json-stringify-safe/5.0.1
      mime-types: registry.npmmirror.com/mime-types/2.1.35
      oauth-sign: registry.npmmirror.com/oauth-sign/0.9.0
      performance-now: registry.npmmirror.com/performance-now/2.1.0
      qs: registry.npmmirror.com/qs/6.5.3
      safe-buffer: registry.npmmirror.com/safe-buffer/5.2.1
      tough-cookie: registry.npmmirror.com/tough-cookie/2.5.0
      tunnel-agent: registry.npmmirror.com/tunnel-agent/0.6.0
      uuid: registry.npmmirror.com/uuid/3.4.0
    dev: false

  registry.npmmirror.com/safe-buffer/5.2.1:
    resolution: {integrity: sha512-rp3So07KcdmmKbGvgaNxQSJr7bGVSVk5S9Eq1F+ppbRo70+YeaDxkw5Dd8NPN+GD6bjnYm2VuPuCXmpuYvmCXQ==, registry: https://registry.npm.taobao.org/, tarball: https://registry.npmmirror.com/safe-buffer/-/safe-buffer-5.2.1.tgz}
    name: safe-buffer
    version: 5.2.1
    dev: false

  registry.npmmirror.com/safer-buffer/2.1.2:
    resolution: {integrity: sha512-YZo3K82SD7Riyi0E1EQPojLz7kpepnSQI9IyPbHHg1XXXevb5dJI7tpyN2ADxGcQbHG7vcyRHk0cbwqcQriUtg==, registry: https://registry.npm.taobao.org/, tarball: https://registry.npmmirror.com/safer-buffer/-/safer-buffer-2.1.2.tgz}
    name: safer-buffer
    version: 2.1.2
    dev: false

  registry.npmmirror.com/sshpk/1.17.0:
    resolution: {integrity: sha512-/9HIEs1ZXGhSPE8X6Ccm7Nam1z8KcoCqPdI7ecm1N33EzAetWahvQWVqLZtaZQ+IDKX4IyA2o0gBzqIMkAagHQ==, registry: https://registry.npm.taobao.org/, tarball: https://registry.npmmirror.com/sshpk/-/sshpk-1.17.0.tgz}
    name: sshpk
    version: 1.17.0
    engines: {node: '>=0.10.0'}
    hasBin: true
    dependencies:
      asn1: registry.npmmirror.com/asn1/0.2.6
      assert-plus: registry.npmmirror.com/assert-plus/1.0.0
      bcrypt-pbkdf: registry.npmmirror.com/bcrypt-pbkdf/1.0.2
      dashdash: registry.npmmirror.com/dashdash/1.14.1
      ecc-jsbn: registry.npmmirror.com/ecc-jsbn/0.1.2
      getpass: registry.npmmirror.com/getpass/0.1.7
      jsbn: registry.npmmirror.com/jsbn/0.1.1
      safer-buffer: registry.npmmirror.com/safer-buffer/2.1.2
      tweetnacl: registry.npmmirror.com/tweetnacl/0.14.5
    dev: false

  registry.npmmirror.com/through/2.3.8:
    resolution: {integrity: sha512-w89qg7PI8wAdvX60bMDP+bFoD5Dvhm9oLheFp5O4a2QF0cSBGsBX4qZmadPMvVqlLJBBci+WqGGOAPvcDeNSVg==, registry: https://registry.npm.taobao.org/, tarball: https://registry.npmmirror.com/through/-/through-2.3.8.tgz}
    name: through
    version: 2.3.8
    dev: false

  registry.npmmirror.com/tough-cookie/2.5.0:
    resolution: {integrity: sha512-nlLsUzgm1kfLXSXfRZMc1KLAugd4hqJHDTvc2hDIwS3mZAfMEuMbc03SujMF+GEcpaX/qboeycw6iO8JwVv2+g==, registry: https://registry.npm.taobao.org/, tarball: https://registry.npmmirror.com/tough-cookie/-/tough-cookie-2.5.0.tgz}
    name: tough-cookie
    version: 2.5.0
    engines: {node: '>=0.8'}
    dependencies:
      psl: registry.npmmirror.com/psl/1.9.0
      punycode: registry.npmmirror.com/punycode/2.1.1
    dev: false

  registry.npmmirror.com/tunnel-agent/0.6.0:
    resolution: {integrity: sha512-McnNiV1l8RYeY8tBgEpuodCC1mLUdbSN+CYBL7kJsJNInOP8UjDDEwdk6Mw60vdLLrr5NHKZhMAOSrR2NZuQ+w==, registry: https://registry.npm.taobao.org/, tarball: https://registry.npmmirror.com/tunnel-agent/-/tunnel-agent-0.6.0.tgz}
    name: tunnel-agent
    version: 0.6.0
    dependencies:
      safe-buffer: registry.npmmirror.com/safe-buffer/5.2.1
    dev: false

  registry.npmmirror.com/tweetnacl/0.14.5:
    resolution: {integrity: sha512-KXXFFdAbFXY4geFIwoyNK+f5Z1b7swfXABfL7HXCmoIWMKU3dmS26672A4EeQtDzLKy7SXmfBu51JolvEKwtGA==, registry: https://registry.npm.taobao.org/, tarball: https://registry.npmmirror.com/tweetnacl/-/tweetnacl-0.14.5.tgz}
    name: tweetnacl
    version: 0.14.5
    dev: false

  registry.npmmirror.com/uniq/1.0.1:
    resolution: {integrity: sha512-Gw+zz50YNKPDKXs+9d+aKAjVwpjNwqzvNpLigIruT4HA9lMZNdMqs9x07kKHB/L9WRzqp4+DlTU5s4wG2esdoA==, registry: https://registry.npm.taobao.org/, tarball: https://registry.npmmirror.com/uniq/-/uniq-1.0.1.tgz}
    name: uniq
    version: 1.0.1
    dev: false

  registry.npmmirror.com/uri-js/4.4.1:
    resolution: {integrity: sha512-7rKUyy33Q1yc98pQ1DAmLtwX109F7TIfWlW1Ydo8Wl1ii1SeHieeh0HHfPeL2fMXK6z0s8ecKs9frCuLJvndBg==, registry: https://registry.npm.taobao.org/, tarball: https://registry.npmmirror.com/uri-js/-/uri-js-4.4.1.tgz}
    name: uri-js
    version: 4.4.1
    dependencies:
      punycode: registry.npmmirror.com/punycode/2.1.1
    dev: false

  registry.npmmirror.com/uuid/3.4.0:
    resolution: {integrity: sha512-HjSDRw6gZE5JMggctHBcjVak08+KEVhSIiDzFnT9S9aegmp85S/bReBVTb4QTFaRNptJ9kuYaNhnbNEOkbKb/A==, registry: https://registry.npm.taobao.org/, tarball: https://registry.npmmirror.com/uuid/-/uuid-3.4.0.tgz}
    name: uuid
    version: 3.4.0
    deprecated: Please upgrade  to version 7 or higher.  Older versions may use Math.random() in certain circumstances, which is known to be problematic.  See https://v8.dev/blog/math-random for details.
    hasBin: true
    dev: false

  registry.npmmirror.com/verror/1.10.0:
    resolution: {integrity: sha512-ZZKSmDAEFOijERBLkmYfJ+vmk3w+7hOLYDNkRCuRuMJGEmqYNCNLyBBFwWKVMhfwaEF3WOd0Zlw86U/WC/+nYw==, registry: https://registry.npm.taobao.org/, tarball: https://registry.npmmirror.com/verror/-/verror-1.10.0.tgz}
    name: verror
    version: 1.10.0
    engines: {'0': node >=0.6.0}
    dependencies:
      assert-plus: registry.npmmirror.com/assert-plus/1.0.0
      core-util-is: registry.npmmirror.com/core-util-is/1.0.2
      extsprintf: registry.npmmirror.com/extsprintf/1.3.0
    dev: false
